
Microsoft Visual Studio Solution File, Format Version 12.00
# Visual Studio Version 16
VisualStudioVersion = 16.0.31205.134
MinimumVisualStudioVersion = 10.0.40219.1
Project("{FAE04EC0-301F-11D3-BF4B-00C04F79EFBC}") = "Lab_Manual_10", "Demo_Manual_11\Lab_Manual_10.csproj", "{45BF01A6-1E3F-45DD-9B16-E10ACB0E9C55}"
EndProject
Global
	GlobalSection(SolutionConfigurationPlatforms) = preSolution
		Debug|Any CPU = Debug|Any CPU
		Release|Any CPU = Release|Any CPU
	EndGlobalSection
	GlobalSection(ProjectConfigurationPlatforms) = postSolution
		{45BF01A6-1E3F-45DD-9B16-E10ACB0E9C55}.Debug|Any CPU.ActiveCfg = Debug|Any CPU
		{45BF01A6-1E3F-45DD-9B16-E10ACB0E9C55}.Debug|Any CPU.Build.0 = Debug|Any CPU
		{45BF01A6-1E3F-45DD-9B16-E10ACB0E9C55}.Release|Any CPU.ActiveCfg = Release|Any CPU
		{45BF01A6-1E3F-45DD-9B16-E10ACB0E9C55}.Release|Any CPU.Build.0 = Release|Any CPU
	EndGlobalSection
	GlobalSection(SolutionProperties) = preSolution
		HideSolutionNode = FALSE
	EndGlobalSection
	GlobalSection(ExtensibilityGlobals) = postSolution
		SolutionGuid = {7FD39765-63AA-4689-BA2F-BC54850A0CFD}
	EndGlobalSection
EndGlobal
